
Microsoft Visual Studio Solution File, Format Version 12.00
# Visual Studio Version 17
VisualStudioVersion = 17.6.33815.320
MinimumVisualStudioVersion = 10.0.40219.1
Project("{9A19103F-16F7-4668-BE54-9A1E7A4F7556}") = "InventarioPokemon", "InventarioPokemon.csproj", "{1A126D56-6995-40AE-840B-8300A0B1ED73}"
EndProject
Global
	GlobalSection(SolutionConfigurationPlatforms) = preSolution
		Debug|Any CPU = Debug|Any CPU
		Release|Any CPU = Release|Any CPU
	EndGlobalSection
	GlobalSection(ProjectConfigurationPlatforms) = postSolution
		{1A126D56-6995-40AE-840B-8300A0B1ED73}.Debug|Any CPU.ActiveCfg = Debug|Any CPU
		{1A126D56-6995-40AE-840B-8300A0B1ED73}.Debug|Any CPU.Build.0 = Debug|Any CPU
		{1A126D56-6995-40AE-840B-8300A0B1ED73}.Release|Any CPU.ActiveCfg = Release|Any CPU
		{1A126D56-6995-40AE-840B-8300A0B1ED73}.Release|Any CPU.Build.0 = Release|Any CPU
	EndGlobalSection
	GlobalSection(SolutionProperties) = preSolution
		HideSolutionNode = FALSE
	EndGlobalSection
	GlobalSection(ExtensibilityGlobals) = postSolution
		SolutionGuid = {33E1CFCE-E5F6-410E-BE29-527BD29A80BB}
	EndGlobalSection
EndGlobal
